Microsoft Visual Studio Solution File, Format Version 12.00
# Visual Studio Version 17
VisualStudioVersion = 17.5.2.0
MinimumVisualStudioVersion = 10.0.40219.1
Project("{FAE04EC0-301F-11D3-BF4B-00C04F79EFBC}") = "Devon", "Devon.csproj", "{84F3708C-0566-1EFC-7218-9C147397A7E1}"
EndProject
Project("{FAE04EC0-301F-11D3-BF4B-00C04F79EFBC}") = "Devon.Editor", "Editor\Devon.Editor.csproj", "{207E50F6-69ED-498A-B7AD-D23F38A08014}"
EndProject
Global
	GlobalSection(SolutionConfigurationPlatforms) = preSolution
		Debug|Any CPU = Debug|Any CPU
		Release|Any CPU = Release|Any CPU
	EndGlobalSection
	GlobalSection(ProjectConfigurationPlatforms) = postSolution
		{84F3708C-0566-1EFC-7218-9C147397A7E1}.Debug|Any CPU.ActiveCfg = Debug|Any CPU
		{84F3708C-0566-1EFC-7218-9C147397A7E1}.Debug|Any CPU.Build.0 = Debug|Any CPU
		{84F3708C-0566-1EFC-7218-9C147397A7E1}.Release|Any CPU.ActiveCfg = Release|Any CPU
		{84F3708C-0566-1EFC-7218-9C147397A7E1}.Release|Any CPU.Build.0 = Release|Any CPU
		{207E50F6-69ED-498A-B7AD-D23F38A08014}.Debug|Any CPU.ActiveCfg = Debug|Any CPU
		{207E50F6-69ED-498A-B7AD-D23F38A08014}.Debug|Any CPU.Build.0 = Debug|Any CPU
		{207E50F6-69ED-498A-B7AD-D23F38A08014}.Release|Any CPU.ActiveCfg = Release|Any CPU
		{207E50F6-69ED-498A-B7AD-D23F38A08014}.Release|Any CPU.Build.0 = Release|Any CPU
	EndGlobalSection
	GlobalSection(SolutionProperties) = preSolution
		HideSolutionNode = FALSE
	EndGlobalSection
	GlobalSection(ExtensibilityGlobals) = postSolution
		SolutionGuid = {14A0FDE9-61D7-4C14-AF66-3B787F7B8494}
	EndGlobalSection
EndGlobal
